
Microsoft Visual Studio Solution File, Format Version 12.00
# Visual Studio Version 16
VisualStudioVersion = 16.0.29230.47
MinimumVisualStudioVersion = 10.0.40219.1
Project("{FAE04EC0-301F-11D3-BF4B-00C04F79EFBC}") = "ColumnExtracter", "ColumnExtracter.csproj", "{508B15B9-106A-4A00-AC52-6D342F29B90E}"
EndProject
Global
	GlobalSection(SolutionConfigurationPlatforms) = preSolution
		Debug|Any CPU = Debug|Any CPU
		Release|Any CPU = Release|Any CPU
	EndGlobalSection
	GlobalSection(ProjectConfigurationPlatforms) = postSolution
		{508B15B9-106A-4A00-AC52-6D342F29B90E}.Debug|Any CPU.ActiveCfg = Debug|Any CPU
		{508B15B9-106A-4A00-AC52-6D342F29B90E}.Debug|Any CPU.Build.0 = Debug|Any CPU
		{508B15B9-106A-4A00-AC52-6D342F29B90E}.Release|Any CPU.ActiveCfg = Release|Any CPU
		{508B15B9-106A-4A00-AC52-6D342F29B90E}.Release|Any CPU.Build.0 = Release|Any CPU
	EndGlobalSection
	GlobalSection(SolutionProperties) = preSolution
		HideSolutionNode = FALSE
	EndGlobalSection
	GlobalSection(ExtensibilityGlobals) = postSolution
		SolutionGuid = {8115CE9C-AA2B-42C8-AC95-5B360074D0AF}
	EndGlobalSection
EndGlobal
